
Microsoft Visual Studio Solution File, Format Version 12.00
# Visual Studio Version 17
VisualStudioVersion = 17.9.34622.214
MinimumVisualStudioVersion = 10.0.40219.1
Project("{FAE04EC0-301F-11D3-BF4B-00C04F79EFBC}") = "PagingExample", "PagingExample.csproj", "{98C0A5BB-CEB2-4E15-869A-C4E798671A97}"
EndProject
Global
	GlobalSection(SolutionConfigurationPlatforms) = preSolution
		Debug|Any CPU = Debug|Any CPU
		Release|Any CPU = Release|Any CPU
	EndGlobalSection
	GlobalSection(ProjectConfigurationPlatforms) = postSolution
		{98C0A5BB-CEB2-4E15-869A-C4E798671A97}.Debug|Any CPU.ActiveCfg = Debug|Any CPU
		{98C0A5BB-CEB2-4E15-869A-C4E798671A97}.Debug|Any CPU.Build.0 = Debug|Any CPU
		{98C0A5BB-CEB2-4E15-869A-C4E798671A97}.Release|Any CPU.ActiveCfg = Release|Any CPU
		{98C0A5BB-CEB2-4E15-869A-C4E798671A97}.Release|Any CPU.Build.0 = Release|Any CPU
	EndGlobalSection
	GlobalSection(SolutionProperties) = preSolution
		HideSolutionNode = FALSE
	EndGlobalSection
	GlobalSection(ExtensibilityGlobals) = postSolution
		SolutionGuid = {E65F9CD7-058E-46D7-A6F1-C170FCDAA878}
	EndGlobalSection
EndGlobal
